# THIS IS AN AUTOGENERATED FILE. DO NOT EDIT THIS FILE DIRECTLY.
# yarn lockfile v1


"@darkforest_eth/types@^6.1.15":
  version "6.1.15"
  resolved "https://registry.yarnpkg.com/@darkforest_eth/types/-/types-6.1.15.tgz#af3c2f492ffdd015d4320e789f90c5934d242028"
  integrity sha512-RohmVSakO1ooLdnZNgHdY3KMPyGUL3jpfzZx1CG7miALgY0zHkyBexfoXcYFIuF10Q0A39HBOP21jgYu5sM6xA==
  dependencies:
    big-integer "^1.6.48"
    ethers "^5.0.7"

"@ethersproject/abi@5.2.0", "@ethersproject/abi@^5.2.0":
  version "5.2.0"
  resolved "https://registry.yarnpkg.com/@ethersproject/abi/-/abi-5.2.0.tgz#e2ca0b7f7e3b83e4d427ed8b38fdc1c48e2bb00f"
  integrity sha512-24ExfHa0VbIOUHbB36b6lCVmWkaIVmrd9/m8MICtmSsRKzlugWqUD0B8g0zrRylXNxAOc3V6T4xKJ8jEDSvp3w==
  dependencies:
    "@ethersproject/address" "^5.2.0"
    "@ethersproject/bignumber" "^5.2.0"
    "@ethersproject/bytes" "^5.2.0"
    "@ethersproject/constants" "^5.2.0"
    "@ethersproject/hash" "^5.2.0"
    "@ethersproject/keccak256" "^5.2.0"
    "@ethersproject/logger" "^5.2.0"
    "@ethersproject/properties" "^5.2.0"
    "@ethersproject/strings" "^5.2.0"

"@ethersproject/abstract-provider@5.2.0", "@ethersproject/abstract-provider@^5.2.0":
  version "5.2.0"
  resolved "https://registry.yarnpkg.com/@ethersproject/abstract-provider/-/abstract-provider-5.2.0.tgz#b5c24b162f119b5d241738ded9555186013aa77d"
  integrity sha512-Xi7Pt+CulRijc/vskBGIaYMEhafKjoNx8y4RNj/dnSpXHXScOJUSTtypqGBUngZddRbcwZGbHwEr6DZoKZwIZA==
  dependencies:
    "@ethersproject/bignumber" "^5.2.0"
    "@ethersproject/bytes" "^5.2.0"
    "@ethersproject/logger" "^5.2.0"
    "@ethersproject/networks" "^5.2.0"
    "@ethersproject/properties" "^5.2.0"
    "@ethersproject/transactions" "^5.2.0"
    "@ethersproject/web" "^5.2.0"

"@ethersproject/abstract-signer@5.2.0", "@ethersproject/abstract-signer@^5.2.0":
  version "5.2.0"
  resolved "https://registry.yarnpkg.com/@ethersproject/abstract-signer/-/abstract-signer-5.2.0.tgz#8e291fb6558b4190fb3e2fe440a9ffd092a2f459"
  integrity sha512-JTXzLUrtoxpOEq1ecH86U7tstkEa9POKAGbGBb+gicbjGgzYYkLR4/LD83SX2/JNWvtYyY8t5errt5ehiy1gxQ==
  dependencies:
    "@ethersproject/abstract-provider" "^5.2.0"
    "@ethersproject/bignumber" "^5.2.0"
    "@ethersproject/bytes" "^5.2.0"
    "@ethersproject/logger" "^5.2.0"
    "@ethersproject/properties" "^5.2.0"

"@ethersproject/address@5.2.0", "@ethersproject/address@^5.2.0":
  version "5.2.0"
  resolved "https://registry.yarnpkg.com/@ethersproject/address/-/address-5.2.0.tgz#afcfa92db84582f54a60a9da361cea4aae450a69"
  integrity sha512-2YfZlalWefOEfnr/CdqKRrgMgbKidYc+zG4/ilxSdcryZSux3eBU5/5btAT/hSiaHipUjd8UrWK8esCBHU6QNQ==
  dependencies:
    "@ethersproject/bignumber" "^5.2.0"
    "@ethersproject/bytes" "^5.2.0"
    "@ethersproject/keccak256" "^5.2.0"
    "@ethersproject/logger" "^5.2.0"
    "@ethersproject/rlp" "^5.2.0"

"@ethersproject/base64@5.2.0", "@ethersproject/base64@^5.2.0":
  version "5.2.0"
  resolved "https://registry.yarnpkg.com/@ethersproject/base64/-/base64-5.2.0.tgz#e01066d25e5b4e8a051545163bee5def47bd9534"
  integrity sha512-D9wOvRE90QBI+yFsKMv0hnANiMzf40Xicq9JZbV9XYzh7srImmwmMcReU2wHjOs9FtEgSJo51Tt+sI1dKPYKDg==
  dependencies:
    "@ethersproject/bytes" "^5.2.0"

"@ethersproject/basex@5.2.0", "@ethersproject/basex@^5.2.0":
  version "5.2.0"
  resolved "https://registry.yarnpkg.com/@ethersproject/basex/-/basex-5.2.0.tgz#f921039e3bdfdab8c5a7ba8b21e81c83fc1ab98b"
  integrity sha512-Oo7oX7BmaHLY/8ZsOLI5W0mrSwPBb1iboosN17jfK/4vGAtKjAInDai9I72CzN4NRJaMN5FkFLoPYywGqgGHlg==
  dependencies:
    "@ethersproject/bytes" "^5.2.0"
    "@ethersproject/properties" "^5.2.0"

"@ethersproject/bignumber@5.2.0", "@ethersproject/bignumber@^5.2.0":
  version "5.2.0"
  resolved "https://registry.yarnpkg.com/@ethersproject/bignumber/-/bignumber-5.2.0.tgz#03f91ea740c5adb6f8c6a2e91bb4ee5ffaff5503"
  integrity sha512-+MNQTxwV7GEiA4NH/i51UqQ+lY36O0rxPdV+0qzjFSySiyBlJpLk6aaa4UTvKmYWlI7YKZm6vuyCENeYn7qAOw==
  dependencies:
    "@ethersproject/bytes" "^5.2.0"
    "@ethersproject/logger" "^5.2.0"
    bn.js "^4.4.0"

"@ethersproject/bytes@5.2.0", "@ethersproject/bytes@^5.2.0":
  version "5.2.0"
  resolved "https://registry.yarnpkg.com/@ethersproject/bytes/-/bytes-5.2.0.tgz#327917d5a1600f92fd2a9da4052fa6d974583132"
  integrity sha512-O1CRpvJDnRTB47vvW8vyqojUZxVookb4LJv/s06TotriU3Xje5WFvlvXJu1yTchtxTz9BbvJw0lFXKpyO6Dn7w==
  dependencies:
    "@ethersproject/logger" "^5.2.0"

"@ethersproject/constants@5.2.0", "@ethersproject/constants@^5.2.0":
  version "5.2.0"
  resolved "https://registry.yarnpkg.com/@ethersproject/constants/-/constants-5.2.0.tgz#ccea78ce325f78abfe7358397c03eec570518d92"
  integrity sha512-p+34YG0KbHS20NGdE+Ic0M6egzd7cDvcfoO9RpaAgyAYm3V5gJVqL7UynS87yCt6O6Nlx6wRFboPiM5ctAr+jA==
  dependencies:
    "@ethersproject/bignumber" "^5.2.0"

"@ethersproject/contracts@5.2.0":
  version "5.2.0"
  resolved "https://registry.yarnpkg.com/@ethersproject/contracts/-/contracts-5.2.0.tgz#f54e12ec4a323f2bf93c338034839cc6dfc1e347"
  integrity sha512-/2fg5tWPG6Z4pciEWpwGji3ggGA5j0ChVNF7NTmkOhvFrrJuWnRpzbvYA00nz8tBDNCOV3cwub5zfWRpgwYEJQ==
  dependencies:
    "@ethersproject/abi" "^5.2.0"
    "@ethersproject/abstract-provider" "^5.2.0"
    "@ethersproject/abstract-signer" "^5.2.0"
    "@ethersproject/address" "^5.2.0"
    "@ethersproject/bignumber" "^5.2.0"
    "@ethersproject/bytes" "^5.2.0"
    "@ethersproject/constants" "^5.2.0"
    "@ethersproject/logger" "^5.2.0"
    "@ethersproject/properties" "^5.2.0"
    "@ethersproject/transactions" "^5.2.0"

"@ethersproject/hash@5.2.0", "@ethersproject/hash@^5.2.0":
  version "5.2.0"
  resolved "https://registry.yarnpkg.com/@ethersproject/hash/-/hash-5.2.0.tgz#2d21901eafc5bdb738b4ad96bee364d371ec724b"
  integrity sha512-wEGry2HFFSssFiNEkFWMzj1vpdFv4rQlkBp41UfL6J58zKGNycoAWimokITDMk8p7548MKr27h48QfERnNKkRw==
  dependencies:
    "@ethersproject/abstract-signer" "^5.2.0"
    "@ethersproject/address" "^5.2.0"
    "@ethersproject/bignumber" "^5.2.0"
    "@ethersproject/bytes" "^5.2.0"
    "@ethersproject/keccak256" "^5.2.0"
    "@ethersproject/logger" "^5.2.0"
    "@ethersproject/properties" "^5.2.0"
    "@ethersproject/strings" "^5.2.0"

"@ethersproject/hdnode@5.2.0", "@ethersproject/hdnode@^5.2.0":
  version "5.2.0"
  resolved "https://registry.yarnpkg.com/@ethersproject/hdnode/-/hdnode-5.2.0.tgz#efea9b2f713e55aa5ba23cc62b4aac6d08dcfa53"
  integrity sha512-ffq2JrW5AftCmfWZ8DxpdWdw/x06Yn+e9wrWHLpj8If1+w87W4LbTMRUaUmO1DUSN8H8g/6kMUKCTJPVuxsuOw==
  dependencies:
    "@ethersproject/abstract-signer" "^5.2.0"
    "@ethersproject/basex" "^5.2.0"
    "@ethersproject/bignumber" "^5.2.0"
    "@ethersproject/bytes" "^5.2.0"
    "@ethersproject/logger" "^5.2.0"
    "@ethersproject/pbkdf2" "^5.2.0"
    "@ethersproject/properties" "^5.2.0"
    "@ethersproject/sha2" "^5.2.0"
    "@ethersproject/signing-key" "^5.2.0"
    "@ethersproject/strings" "^5.2.0"
    "@ethersproject/transactions" "^5.2.0"
    "@ethersproject/wordlists" "^5.2.0"

"@ethersproject/json-wallets@5.2.0", "@ethersproject/json-wallets@^5.2.0":
  version "5.2.0"
  resolved "https://registry.yarnpkg.com/@ethersproject/json-wallets/-/json-wallets-5.2.0.tgz#d41c7c39e4d236b586e26e2145b09ac49dc56608"
  integrity sha512-iWxSm9XiugEtaehYD6w1ImmXeatjcGcrQvffZVJHH1UqV4FckDzrOYnZBRHPQRYlnhNVrGTld1+S0Cu4MB8gdw==
  dependencies:
    "@ethersproject/abstract-signer" "^5.2.0"
    "@ethersproject/address" "^5.2.0"
    "@ethersproject/bytes" "^5.2.0"
    "@ethersproject/hdnode" "^5.2.0"
    "@ethersproject/keccak256" "^5.2.0"
    "@ethersproject/logger" "^5.2.0"
    "@ethersproject/pbkdf2" "^5.2.0"
    "@ethersproject/properties" "^5.2.0"
    "@ethersproject/random" "^5.2.0"
    "@ethersproject/strings" "^5.2.0"
    "@ethersproject/transactions" "^5.2.0"
    aes-js "3.0.0"
    scrypt-js "3.0.1"

"@ethersproject/keccak256@5.2.0", "@ethersproject/keccak256@^5.2.0":
  version "5.2.0"
  resolved "https://registry.yarnpkg.com/@ethersproject/keccak256/-/keccak256-5.2.0.tgz#15257862807c23f24a3209d1016d322dca85a464"
  integrity sha512-LqyxTwVANga5Y3L1yo184czW6b3PibabN8xyE/eOulQLLfXNrHHhwrOTpOhoVRWCICVCD/5SjQfwqTrczjS7jQ==
  dependencies:
    "@ethersproject/bytes" "^5.2.0"
    js-sha3 "0.5.7"

"@ethersproject/logger@5.2.0", "@ethersproject/logger@^5.2.0":
  version "5.2.0"
  resolved "https://registry.yarnpkg.com/@ethersproject/logger/-/logger-5.2.0.tgz#accf5348251f78b6c8891af67f42490a4ea4e5ae"
  integrity sha512-dPZ6/E3YiArgG8dI/spGkaRDry7YZpCntf4gm/c6SI8Mbqiihd7q3nuLN5VvDap/0K3xm3RE1AIUOcUwwh2ezQ==

"@ethersproject/networks@5.2.0", "@ethersproject/networks@^5.2.0":
  version "5.2.0"
  resolved "https://registry.yarnpkg.com/@ethersproject/networks/-/networks-5.2.0.tgz#66c23c6ac477dd703645b2c971ac842d8b8aa524"
  integrity sha512-q+htMgq7wQoEnjlkdHM6t1sktKxNbEB/F6DQBPNwru7KpQ1R0n0UTIXJB8Rb7lSnvjqcAQ40X3iVqm94NJfYDw==
  dependencies:
    "@ethersproject/logger" "^5.2.0"

"@ethersproject/pbkdf2@5.2.0", "@ethersproject/pbkdf2@^5.2.0":
  version "5.2.0"
  resolved "https://registry.yarnpkg.com/@ethersproject/pbkdf2/-/pbkdf2-5.2.0.tgz#8166a7a7238a5fd1d9bb6eb2000fea0f19fdde06"
  integrity sha512-qKOoO6yir/qnAgg6OP3U4gRuZ6jl9P7xwggRu/spVfnuaR+wa490AatWLqB1WOXKf6JFjm5yOaT/T5fCICQVdQ==
  dependencies:
    "@ethersproject/bytes" "^5.2.0"
    "@ethersproject/sha2" "^5.2.0"

"@ethersproject/properties@5.2.0", "@ethersproject/properties@^5.2.0":
  version "5.2.0"
  resolved "https://registry.yarnpkg.com/@ethersproject/properties/-/properties-5.2.0.tgz#8fadf367f7ac7357019d0224aa579b234c545ac1"
  integrity sha512-oNFkzcoGwXXV+/Yp/MLcDLrL/2i360XIy2YN9yRZJPnIbLwjroFNLiRzLs6PyPw1D09Xs8OcPR1/nHv6xDKE2A==
  dependencies:
    "@ethersproject/logger" "^5.2.0"

"@ethersproject/providers@5.2.0":
  version "5.2.0"
  resolved "https://registry.yarnpkg.com/@ethersproject/providers/-/providers-5.2.0.tgz#b2f3e3b2ca4567c8372543ceb6f3c6e3a2370783"
  integrity sha512-Yf/ZUqCrVr+jR0SHA9GuNZs4R1xnV9Ibnh1TlOa0ZzI6o+Qf8bEyE550k9bYI4zk2f9x9baX2RRs6BJY7Jz/WA==
  dependencies:
    "@ethersproject/abstract-provider" "^5.2.0"
    "@ethersproject/abstract-signer" "^5.2.0"
    "@ethersproject/address" "^5.2.0"
    "@ethersproject/basex" "^5.2.0"
    "@ethersproject/bignumber" "^5.2.0"
    "@ethersproject/bytes" "^5.2.0"
    "@ethersproject/constants" "^5.2.0"
    "@ethersproject/hash" "^5.2.0"
    "@ethersproject/logger" "^5.2.0"
    "@ethersproject/networks" "^5.2.0"
    "@ethersproject/properties" "^5.2.0"
    "@ethersproject/random" "^5.2.0"
    "@ethersproject/rlp" "^5.2.0"
    "@ethersproject/sha2" "^5.2.0"
    "@ethersproject/strings" "^5.2.0"
    "@ethersproject/transactions" "^5.2.0"
    "@ethersproject/web" "^5.2.0"
    bech32 "1.1.4"
    ws "7.2.3"

"@ethersproject/random@5.2.0", "@ethersproject/random@^5.2.0":
  version "5.2.0"
  resolved "https://registry.yarnpkg.com/@ethersproject/random/-/random-5.2.0.tgz#1d7e19f17d88eda56228a263063826829e49eebe"
  integrity sha512-7Nd3qjivBGlDCGDuGYjPi8CXdtVhRZ7NeyBXoJgtnJBwn1S01ahrbMeOUVmRVWrFM0YiSEPEGo7i4xEu2gRPcg==
  dependencies:
    "@ethersproject/bytes" "^5.2.0"
    "@ethersproject/logger" "^5.2.0"

"@ethersproject/rlp@5.2.0", "@ethersproject/rlp@^5.2.0":
  version "5.2.0"
  resolved "https://registry.yarnpkg.com/@ethersproject/rlp/-/rlp-5.2.0.tgz#bbf605183818a9d96bdc40323d734c79e26cfaca"
  integrity sha512-RqGsELtPWxcFhOOhSr0lQ2hBNT9tBE08WK0tb6VQbCk97EpqkbgP8yXED9PZlWMiRGchJTw6S+ExzK62XMX/fw==
  dependencies:
    "@ethersproject/bytes" "^5.2.0"
    "@ethersproject/logger" "^5.2.0"

"@ethersproject/sha2@5.2.0", "@ethersproject/sha2@^5.2.0":
  version "5.2.0"
  resolved "https://registry.yarnpkg.com/@ethersproject/sha2/-/sha2-5.2.0.tgz#ae18fa6c09c6d99fa2b564dac7276bcd513c1579"
  integrity sha512-Wqqptfn0PRO2mvmpktPW1HOLrrCyGtxhVQxO1ZyePoGrcEOurhICOlIvkTogoX4Q928D3Z9XtSSCUbdOJUF2kg==
  dependencies:
    "@ethersproject/bytes" "^5.2.0"
    "@ethersproject/logger" "^5.2.0"
    hash.js "1.1.3"

"@ethersproject/signing-key@5.2.0", "@ethersproject/signing-key@^5.2.0":
  version "5.2.0"
  resolved "https://registry.yarnpkg.com/@ethersproject/signing-key/-/signing-key-5.2.0.tgz#e8eb10d3c0f4a575479db8d70c62aaf93cd384d1"
  integrity sha512-9A+dVSkrVAPuhJnWqLWV/NkKi/KB4iagTKEuojfuApUfeIHEhpwQ0Jx3cBimk7qWISSSKdgiAmIqpvVtZ5FEkg==
  dependencies:
    "@ethersproject/bytes" "^5.2.0"
    "@ethersproject/logger" "^5.2.0"
    "@ethersproject/properties" "^5.2.0"
    bn.js "^4.4.0"
    elliptic "6.5.4"

"@ethersproject/solidity@5.2.0":
  version "5.2.0"
  resolved "https://registry.yarnpkg.com/@ethersproject/solidity/-/solidity-5.2.0.tgz#ac902d8f8b11bf58fd37ccf77392178cbbd0b08f"
  integrity sha512-EEFlNyEnONW3CWF8UGWPcqxJUHiaIoofO7itGwO/2gvGpnwlL+WUV+GmQoHNxmn+QJeOHspnZuh6NOVrJL6H1g==
  dependencies:
    "@ethersproject/bignumber" "^5.2.0"
    "@ethersproject/bytes" "^5.2.0"
    "@ethersproject/keccak256" "^5.2.0"
    "@ethersproject/sha2" "^5.2.0"
    "@ethersproject/strings" "^5.2.0"

"@ethersproject/strings@5.2.0", "@ethersproject/strings@^5.2.0":
  version "5.2.0"
  resolved "https://registry.yarnpkg.com/@ethersproject/strings/-/strings-5.2.0.tgz#e93d989859587191c3f64bda124d9dedbc3f5a97"
  integrity sha512-RmjX800wRYKgrzo2ZCSlA8OCQYyq4+M46VgjSVDVyYkLZctBXC3epqlppDA24R7eo856KNbXqezZsMnHT+sSuA==
  dependencies:
    "@ethersproject/bytes" "^5.2.0"
    "@ethersproject/constants" "^5.2.0"
    "@ethersproject/logger" "^5.2.0"

"@ethersproject/transactions@5.2.0", "@ethersproject/transactions@^5.2.0":
  version "5.2.0"
  resolved "https://registry.yarnpkg.com/@ethersproject/transactions/-/transactions-5.2.0.tgz#052e2ef8f8adf7037ebe4cc47aad2a61950e6491"
  integrity sha512-QrGbhGYsouNNclUp3tWMbckMsuXJTOsA56kT3BuRrLlXJcUH7myIihajXdSfKcyJsvHJPrGZP+U3TKh+sLzZtg==
  dependencies:
    "@ethersproject/address" "^5.2.0"
    "@ethersproject/bignumber" "^5.2.0"
    "@ethersproject/bytes" "^5.2.0"
    "@ethersproject/constants" "^5.2.0"
    "@ethersproject/keccak256" "^5.2.0"
    "@ethersproject/logger" "^5.2.0"
    "@ethersproject/properties" "^5.2.0"
    "@ethersproject/rlp" "^5.2.0"
    "@ethersproject/signing-key" "^5.2.0"

"@ethersproject/units@5.2.0":
  version "5.2.0"
  resolved "https://registry.yarnpkg.com/@ethersproject/units/-/units-5.2.0.tgz#08643e5d4583ecc1a32b103c1157f7ae80803392"
  integrity sha512-yrwlyomXcBBHp5oSrLxlLkyHN7dVu3PO7hMbQXc00h388zU4TF3o/PAIUhh+x695wgJ19Fa8YgUWCab3a1RDwA==
  dependencies:
    "@ethersproject/bignumber" "^5.2.0"
    "@ethersproject/constants" "^5.2.0"
    "@ethersproject/logger" "^5.2.0"

"@ethersproject/wallet@5.2.0":
  version "5.2.0"
  resolved "https://registry.yarnpkg.com/@ethersproject/wallet/-/wallet-5.2.0.tgz#b5a8406676067e34f633536a4cb53c2ff98c0b5c"
  integrity sha512-uPdjZwUmAJLo1+ybR/G/rL9pv/NEcCqOsjn6RJFvG7RmwP2kS1v5C+F+ysgx2W/PxBIVT+2IEsfXLbBz8s/6Rg==
  dependencies:
    "@ethersproject/abstract-provider" "^5.2.0"
    "@ethersproject/abstract-signer" "^5.2.0"
    "@ethersproject/address" "^5.2.0"
    "@ethersproject/bignumber" "^5.2.0"
    "@ethersproject/bytes" "^5.2.0"
    "@ethersproject/hash" "^5.2.0"
    "@ethersproject/hdnode" "^5.2.0"
    "@ethersproject/json-wallets" "^5.2.0"
    "@ethersproject/keccak256" "^5.2.0"
    "@ethersproject/logger" "^5.2.0"
    "@ethersproject/properties" "^5.2.0"
    "@ethersproject/random" "^5.2.0"
    "@ethersproject/signing-key" "^5.2.0"
    "@ethersproject/transactions" "^5.2.0"
    "@ethersproject/wordlists" "^5.2.0"

"@ethersproject/web@5.2.0", "@ethersproject/web@^5.2.0":
  version "5.2.0"
  resolved "https://registry.yarnpkg.com/@ethersproject/web/-/web-5.2.0.tgz#47d8e152e7fcc07ba0aff4f99fde268fde79dd7a"
  integrity sha512-mYb9qxGlOBFR2pR6t1CZczuqqX6r8RQGn7MtwrBciMex3cvA/qs+wbmcDgl+/OZY0Pco/ih6WHQRnVi+4sBeCQ==
  dependencies:
    "@ethersproject/base64" "^5.2.0"
    "@ethersproject/bytes" "^5.2.0"
    "@ethersproject/logger" "^5.2.0"
    "@ethersproject/properties" "^5.2.0"
    "@ethersproject/strings" "^5.2.0"

"@ethersproject/wordlists@5.2.0", "@ethersproject/wordlists@^5.2.0":
  version "5.2.0"
  resolved "https://registry.yarnpkg.com/@ethersproject/wordlists/-/wordlists-5.2.0.tgz#afcce0229e9ef64af1bf8a1e96571fa441e9f444"
  integrity sha512-/7TG5r/Zm8Wd9WhoqQ4QnntgMkIfIZ8QVrpU81muiChLD26XLOgmyiqKPL7K058uYt7UZ0wzbXjxyCYadU3xFQ==
  dependencies:
    "@ethersproject/bytes" "^5.2.0"
    "@ethersproject/hash" "^5.2.0"
    "@ethersproject/logger" "^5.2.0"
    "@ethersproject/properties" "^5.2.0"
    "@ethersproject/strings" "^5.2.0"

"@projectsophon/df-plugin-dev-server@^1.1.0":
  version "1.1.0"
  resolved "https://registry.yarnpkg.com/@projectsophon/df-plugin-dev-server/-/df-plugin-dev-server-1.1.0.tgz#9a2311249258992831f6f45e441ae2685f0a006a"
  integrity sha512-FKua5edHnOfFra2qDzH5bJAIGAiJdKqfrtD4zpZmxvGg8fx/wyCKidCsgQwb8O6lHbsoFpxwTIPF2AGcLMJwMw==
  dependencies:
    chalk "^4.1.1"
    esbuild "^0.12.1"
    get-port "^5.1.1"
    yargs "^17.0.1"

"@rollup/plugin-commonjs@^15.1.0":
  version "15.1.0"
  resolved "https://registry.yarnpkg.com/@rollup/plugin-commonjs/-/plugin-commonjs-15.1.0.tgz#1e7d076c4f1b2abf7e65248570e555defc37c238"
  integrity sha512-xCQqz4z/o0h2syQ7d9LskIMvBSH4PX5PjYdpSSvgS+pQik3WahkQVNWg3D8XJeYjZoVWnIUQYDghuEMRGrmQYQ==
  dependencies:
    "@rollup/pluginutils" "^3.1.0"
    commondir "^1.0.1"
    estree-walker "^2.0.1"
    glob "^7.1.6"
    is-reference "^1.2.1"
    magic-string "^0.25.7"
    resolve "^1.17.0"

"@rollup/plugin-node-resolve@^7.0.0":
  version "7.1.3"
  resolved "https://registry.yarnpkg.com/@rollup/plugin-node-resolve/-/plugin-node-resolve-7.1.3.tgz#80de384edfbd7bfc9101164910f86078151a3eca"
  integrity sha512-RxtSL3XmdTAE2byxekYLnx+98kEUOrPHF/KRVjLH+DEIHy6kjIw7YINQzn+NXiH/NTrQLAwYs0GWB+csWygA9Q==
  dependencies:
    "@rollup/pluginutils" "^3.0.8"
    "@types/resolve" "0.0.8"
    builtin-modules "^3.1.0"
    is-module "^1.0.0"
    resolve "^1.14.2"

"@rollup/pluginutils@^3.0.8", "@rollup/pluginutils@^3.1.0":
  version "3.1.0"
  resolved "https://registry.yarnpkg.com/@rollup/pluginutils/-/pluginutils-3.1.0.tgz#706b4524ee6dc8b103b3c995533e5ad680c02b9b"
  integrity sha512-GksZ6pr6TpIjHm8h9lSQ8pi8BE9VeubNT0OMJ3B5uZJ8pz73NPiqOtCog/x2/QzM1ENChPKxMDhiQuRHsqc+lg==
  dependencies:
    "@types/estree" "0.0.39"
    estree-walker "^1.0.1"
    picomatch "^2.2.2"

"@types/estree@*":
  version "0.0.45"
  resolved "https://registry.yarnpkg.com/@types/estree/-/estree-0.0.45.tgz#e9387572998e5ecdac221950dab3e8c3b16af884"
  integrity sha512-jnqIUKDUqJbDIUxm0Uj7bnlMnRm1T/eZ9N+AVMqhPgzrba2GhGG5o/jCTwmdPK709nEZsGoMzXEDUjcXHa3W0g==

"@types/estree@0.0.39":
  version "0.0.39"
  resolved "https://registry.yarnpkg.com/@types/estree/-/estree-0.0.39.tgz#e177e699ee1b8c22d23174caaa7422644389509f"
  integrity sha512-EYNwp3bU+98cpU4lAWYYL7Zz+2gryWH1qbdDTidVd6hkiR6weksdbMadyXKXNPEkQFhXM+hVO9ZygomHXp+AIw==

"@types/node@*":
  version "14.11.8"
  resolved "https://registry.yarnpkg.com/@types/node/-/node-14.11.8.tgz#fe2012f2355e4ce08bca44aeb3abbb21cf88d33f"
  integrity sha512-KPcKqKm5UKDkaYPTuXSx8wEP7vE9GnuaXIZKijwRYcePpZFDVuy2a57LarFKiORbHOuTOOwYzxVxcUzsh2P2Pw==

"@types/resolve@0.0.8":
  version "0.0.8"
  resolved "https://registry.yarnpkg.com/@types/resolve/-/resolve-0.0.8.tgz#f26074d238e02659e323ce1a13d041eee280e194"
  integrity sha512-auApPaJf3NPfe18hSoJkp8EbZzer2ISk7o8mCC3M9he/a04+gbMF97NkpD2S8riMGvm4BMRI59/SZQSaLTKpsQ==
  dependencies:
    "@types/node" "*"

aes-js@3.0.0:
  version "3.0.0"
  resolved "https://registry.yarnpkg.com/aes-js/-/aes-js-3.0.0.tgz#e21df10ad6c2053295bcbb8dab40b09dbea87e4d"
  integrity sha1-4h3xCtbCBTKVvLuNq0Cwnb6ofk0=

ansi-regex@^5.0.0:
  version "5.0.0"
  resolved "https://registry.yarnpkg.com/ansi-regex/-/ansi-regex-5.0.0.tgz#388539f55179bf39339c81af30a654d69f87cb75"
  integrity sha512-bY6fj56OUQ0hU1KjFNDQuJFezqKdrAyFdIevADiqrWHwSlbmBNMHp5ak2f40Pm8JTFyM2mqxkG6ngkHO11f/lg==

ansi-styles@^4.0.0, ansi-styles@^4.1.0:
  version "4.3.0"
  resolved "https://registry.yarnpkg.com/ansi-styles/-/ansi-styles-4.3.0.tgz#edd803628ae71c04c85ae7a0906edad34b648937"
  integrity sha512-zbB9rCJAT1rbjiVDb2hqKFHNYLxgtk8NURxZ3IZwD3F6NtxbXZQCnnSi1Lkx+IDohdPlFp222wVALIheZJQSEg==
  dependencies:
    color-convert "^2.0.1"

balanced-match@^1.0.0:
  version "1.0.0"
  resolved "https://registry.yarnpkg.com/balanced-match/-/balanced-match-1.0.0.tgz#89b4d199ab2bee49de164ea02b89ce462d71b767"
  integrity sha1-ibTRmasr7kneFk6gK4nORi1xt2c=

bech32@1.1.4:
  version "1.1.4"
  resolved "https://registry.yarnpkg.com/bech32/-/bech32-1.1.4.tgz#e38c9f37bf179b8eb16ae3a772b40c356d4832e9"
  integrity sha512-s0IrSOzLlbvX7yp4WBfPITzpAU8sqQcpsmwXDiKwrG4r491vwCO/XpejasRNl0piBMe/DvP4Tz0mIS/X1DPJBQ==

big-integer@^1.6.48:
  version "1.6.48"
  resolved "https://registry.yarnpkg.com/big-integer/-/big-integer-1.6.48.tgz#8fd88bd1632cba4a1c8c3e3d7159f08bb95b4b9e"
  integrity sha512-j51egjPa7/i+RdiRuJbPdJ2FIUYYPhvYLjzoYbcMMm62ooO6F94fETG4MTs46zPAF9Brs04OajboA/qTGuz78w==

bn.js@^4.11.9, bn.js@^4.4.0:
  version "4.12.0"
  resolved "https://registry.yarnpkg.com/bn.js/-/bn.js-4.12.0.tgz#775b3f278efbb9718eec7361f483fb36fbbfea88"
  integrity sha512-c98Bf3tPniI+scsdk237ku1Dc3ujXQTSgyiPUDEOe7tRkhrqridvh8klBv0HCEso1OLOYcHuCv/cS6DNxKH+ZA==

brace-expansion@^1.1.7:
  version "1.1.11"
  resolved "https://registry.yarnpkg.com/brace-expansion/-/brace-expansion-1.1.11.tgz#3c7fcbf529d87226f3d2f52b966ff5271eb441dd"
  integrity sha512-iCuPHDFgrHX7H2vEI/5xpz07zSHB00TpugqhmYtVmMO6518mCuRMoOYFldEBl0g187ufozdaHgWKcYFb61qGiA==
  dependencies:
    balanced-match "^1.0.0"
    concat-map "0.0.1"

brorand@^1.1.0:
  version "1.1.0"
  resolved "https://registry.yarnpkg.com/brorand/-/brorand-1.1.0.tgz#12c25efe40a45e3c323eb8675a0a0ce57b22371f"
  integrity sha1-EsJe/kCkXjwyPrhnWgoM5XsiNx8=

builtin-modules@^3.1.0:
  version "3.1.0"
  resolved "https://registry.yarnpkg.com/builtin-modules/-/builtin-modules-3.1.0.tgz#aad97c15131eb76b65b50ef208e7584cd76a7484"
  integrity sha512-k0KL0aWZuBt2lrxrcASWDfwOLMnodeQjodT/1SxEQAXsHANgo6ZC/VEaSEHCXt7aSTZ4/4H5LKa+tBXmW7Vtvw==

chalk@^4.1.1:
  version "4.1.1"
  resolved "https://registry.yarnpkg.com/chalk/-/chalk-4.1.1.tgz#c80b3fab28bf6371e6863325eee67e618b77e6ad"
  integrity sha512-diHzdDKxcU+bAsUboHLPEDQiw0qEe0qd7SYUn3HgcFlWgbDcfLGswOHYeGrHKzG9z6UYf01d9VFMfZxPM1xZSg==
  dependencies:
    ansi-styles "^4.1.0"
    supports-color "^7.1.0"

cliui@^7.0.2:
  version "7.0.4"
  resolved "https://registry.yarnpkg.com/cliui/-/cliui-7.0.4.tgz#a0265ee655476fc807aea9df3df8df7783808b4f"
  integrity sha512-OcRE68cOsVMXp1Yvonl/fzkQOyjLSu/8bhPDfQt0e0/Eb283TKP20Fs2MqoPsr9SwA595rRCA+QMzYc9nBP+JQ==
  dependencies:
    string-width "^4.2.0"
    strip-ansi "^6.0.0"
    wrap-ansi "^7.0.0"

color-convert@^2.0.1:
  version "2.0.1"
  resolved "https://registry.yarnpkg.com/color-convert/-/color-convert-2.0.1.tgz#72d3a68d598c9bdb3af2ad1e84f21d896abd4de3"
  integrity sha512-RRECPsj7iu/xb5oKYcsFHSppFNnsj/52OVTRKb4zP5onXwVF3zVmmToNcOfGC+CRDpfK/U584fMg38ZHCaElKQ==
  dependencies:
    color-name "~1.1.4"

color-name@~1.1.4:
  version "1.1.4"
  resolved "https://registry.yarnpkg.com/color-name/-/color-name-1.1.4.tgz#c2a09a87acbde69543de6f63fa3995c826c536a2"
  integrity sha512-dOy+3AuW3a2wNbZHIuMZpTcgjGuLU/uBL/ubcZF9OXbDo8ff4O8yVp5Bf0efS8uEoYo5q4Fx7dY9OgQGXgAsQA==

commondir@^1.0.1:
  version "1.0.1"
  resolved "https://registry.yarnpkg.com/commondir/-/commondir-1.0.1.tgz#ddd800da0c66127393cca5950ea968a3aaf1253b"
  integrity sha1-3dgA2gxmEnOTzKWVDqloo6rxJTs=

concat-map@0.0.1:
  version "0.0.1"
  resolved "https://registry.yarnpkg.com/concat-map/-/concat-map-0.0.1.tgz#d8a96bd77fd68df7793a73036a3ba0d5405d477b"
  integrity sha1-2Klr13/Wjfd5OnMDajug1UBdR3s=

elliptic@6.5.4:
  version "6.5.4"
  resolved "https://registry.yarnpkg.com/elliptic/-/elliptic-6.5.4.tgz#da37cebd31e79a1367e941b592ed1fbebd58abbb"
  integrity sha512-iLhC6ULemrljPZb+QutR5TQGB+pdW6KGD5RSegS+8sorOZT+rdQFbsQFJgvN3eRqNALqJer4oQ16YvJHlU8hzQ==
  dependencies:
    bn.js "^4.11.9"
    brorand "^1.1.0"
    hash.js "^1.0.0"
    hmac-drbg "^1.0.1"
    inherits "^2.0.4"
    minimalistic-assert "^1.0.1"
    minimalistic-crypto-utils "^1.0.1"

emoji-regex@^8.0.0:
  version "8.0.0"
  resolved "https://registry.yarnpkg.com/emoji-regex/-/emoji-regex-8.0.0.tgz#e818fd69ce5ccfcb404594f842963bf53164cc37"
  integrity sha512-MSjYzcWNOA0ewAHpz0MxpYFvwg6yjy1NG3xteoqz644VCo/RPgnr1/GGt+ic3iJTzQ8Eu3TdM14SawnVUmGE6A==

esbuild@^0.12.1:
  version "0.12.8"
  resolved "https://registry.yarnpkg.com/esbuild/-/esbuild-0.12.8.tgz#ac90da77cb3bfbf49ab815200bcef7ffe1a3348f"
  integrity sha512-sx/LwlP/SWTGsd9G4RlOPrXnIihAJ2xwBUmzoqe2nWwbXORMQWtAGNJNYLBJJqa3e9PWvVzxdrtyFZJcr7D87g==

escalade@^3.1.1:
  version "3.1.1"
  resolved "https://registry.yarnpkg.com/escalade/-/escalade-3.1.1.tgz#d8cfdc7000965c5a0174b4a82eaa5c0552742e40"
  integrity sha512-k0er2gUkLf8O0zKJiAhmkTnJlTvINGv7ygDNPbeIsX/TJjGJZHuh9B2UxbsaEkmlEo9MfhrSzmhIlhRlI2GXnw==

estree-walker@^1.0.1:
  version "1.0.1"
  resolved "https://registry.yarnpkg.com/estree-walker/-/estree-walker-1.0.1.tgz#31bc5d612c96b704106b477e6dd5d8aa138cb700"
  integrity sha512-1fMXF3YP4pZZVozF8j/ZLfvnR8NSIljt56UhbZ5PeeDmmGHpgpdwQt7ITlGvYaQukCvuBRMLEiKiYC+oeIg4cg==

estree-walker@^2.0.1:
  version "2.0.1"
  resolved "https://registry.yarnpkg.com/estree-walker/-/estree-walker-2.0.1.tgz#f8e030fb21cefa183b44b7ad516b747434e7a3e0"
  integrity sha512-tF0hv+Yi2Ot1cwj9eYHtxC0jB9bmjacjQs6ZBTj82H8JwUywFuc+7E83NWfNMwHXZc11mjfFcVXPe9gEP4B8dg==

ethers@^5.0.7:
  version "5.2.0"
  resolved "https://registry.yarnpkg.com/ethers/-/ethers-5.2.0.tgz#13452e35947ab5d77053286d1f7161ee666c85ba"
  integrity sha512-HqFGU2Qab0mAg3y1eHKVMXS4i1gTObMY0/4+x4LiO72NHhJL3Z795gnqyivmwG1J8e5NLSlRSfyIR7TL0Hw3ig==
  dependencies:
    "@ethersproject/abi" "5.2.0"
    "@ethersproject/abstract-provider" "5.2.0"
    "@ethersproject/abstract-signer" "5.2.0"
    "@ethersproject/address" "5.2.0"
    "@ethersproject/base64" "5.2.0"
    "@ethersproject/basex" "5.2.0"
    "@ethersproject/bignumber" "5.2.0"
    "@ethersproject/bytes" "5.2.0"
    "@ethersproject/constants" "5.2.0"
    "@ethersproject/contracts" "5.2.0"
    "@ethersproject/hash" "5.2.0"
    "@ethersproject/hdnode" "5.2.0"
    "@ethersproject/json-wallets" "5.2.0"
    "@ethersproject/keccak256" "5.2.0"
    "@ethersproject/logger" "5.2.0"
    "@ethersproject/networks" "5.2.0"
    "@ethersproject/pbkdf2" "5.2.0"
    "@ethersproject/properties" "5.2.0"
    "@ethersproject/providers" "5.2.0"
    "@ethersproject/random" "5.2.0"
    "@ethersproject/rlp" "5.2.0"
    "@ethersproject/sha2" "5.2.0"
    "@ethersproject/signing-key" "5.2.0"
    "@ethersproject/solidity" "5.2.0"
    "@ethersproject/strings" "5.2.0"
    "@ethersproject/transactions" "5.2.0"
    "@ethersproject/units" "5.2.0"
    "@ethersproject/wallet" "5.2.0"
    "@ethersproject/web" "5.2.0"
    "@ethersproject/wordlists" "5.2.0"

fs.realpath@^1.0.0:
  version "1.0.0"
  resolved "https://registry.yarnpkg.com/fs.realpath/-/fs.realpath-1.0.0.tgz#1504ad2523158caa40db4a2787cb01411994ea4f"
  integrity sha1-FQStJSMVjKpA20onh8sBQRmU6k8=

fsevents@~2.1.2:
  version "2.1.3"
  resolved "https://registry.yarnpkg.com/fsevents/-/fsevents-2.1.3.tgz#fb738703ae8d2f9fe900c33836ddebee8b97f23e"
  integrity sha512-Auw9a4AxqWpa9GUfj370BMPzzyncfBABW8Mab7BGWBYDj4Isgq+cDKtx0i6u9jcX9pQDnswsaaOTgTmA5pEjuQ==

function-bind@^1.1.1:
  version "1.1.1"
  resolved "https://registry.yarnpkg.com/function-bind/-/function-bind-1.1.1.tgz#a56899d3ea3c9bab874bb9773b7c5ede92f4895d"
  integrity sha512-yIovAzMX49sF8Yl58fSCWJ5svSLuaibPxXQJFLmBObTuCr0Mf1KiPopGM9NiFjiYBCbfaa2Fh6breQ6ANVTI0A==

get-caller-file@^2.0.5:
  version "2.0.5"
  resolved "https://registry.yarnpkg.com/get-caller-file/-/get-caller-file-2.0.5.tgz#4f94412a82db32f36e3b0b9741f8a97feb031f7e"
  integrity sha512-DyFP3BM/3YHTQOCUL/w0OZHR0lpKeGrxotcHWcqNEdnltqFwXVfhEBQ94eIo34AfQpo0rGki4cyIiftY06h2Fg==

get-port@^5.1.1:
  version "5.1.1"
  resolved "https://registry.yarnpkg.com/get-port/-/get-port-5.1.1.tgz#0469ed07563479de6efb986baf053dcd7d4e3193"
  integrity sha512-g/Q1aTSDOxFpchXC4i8ZWvxA1lnPqx/JHqcpIw0/LX9T8x/GBbi6YnlN5nhaKIFkT8oFsscUKgDJYxfwfS6QsQ==

glob@^7.1.6:
  version "7.1.6"
  resolved "https://registry.yarnpkg.com/glob/-/glob-7.1.6.tgz#141f33b81a7c2492e125594307480c46679278a6"
  integrity sha512-LwaxwyZ72Lk7vZINtNNrywX0ZuLyStrdDtabefZKAY5ZGJhVtgdznluResxNmPitE0SAO+O26sWTHeKSI2wMBA==
  dependencies:
    fs.realpath "^1.0.0"
    inflight "^1.0.4"
    inherits "2"
    minimatch "^3.0.4"
    once "^1.3.0"
    path-is-absolute "^1.0.0"

has-flag@^4.0.0:
  version "4.0.0"
  resolved "https://registry.yarnpkg.com/has-flag/-/has-flag-4.0.0.tgz#944771fd9c81c81265c4d6941860da06bb59479b"
  integrity sha512-EykJT/Q1KjTWctppgIAgfSO0tKVuZUjhgMr17kqTumMl6Afv3EISleU7qZUzoXDFTAHTDC4NOoG/ZxU3EvlMPQ==

has@^1.0.3:
  version "1.0.3"
  resolved "https://registry.yarnpkg.com/has/-/has-1.0.3.tgz#722d7cbfc1f6aa8241f16dd814e011e1f41e8796"
  integrity sha512-f2dvO0VU6Oej7RkWJGrehjbzMAjFp5/VKPp5tTpWIV4JHHZK1/BxbFRtf/siA2SWTe09caDmVtYYzWEIbBS4zw==
  dependencies:
    function-bind "^1.1.1"

hash.js@1.1.3:
  version "1.1.3"
  resolved "https://registry.yarnpkg.com/hash.js/-/hash.js-1.1.3.tgz#340dedbe6290187151c1ea1d777a3448935df846"
  integrity sha512-/UETyP0W22QILqS+6HowevwhEFJ3MBJnwTf75Qob9Wz9t0DPuisL8kW8YZMK62dHAKE1c1p+gY1TtOLY+USEHA==
  dependencies:
    inherits "^2.0.3"
    minimalistic-assert "^1.0.0"

hash.js@^1.0.0, hash.js@^1.0.3:
  version "1.1.7"
  resolved "https://registry.yarnpkg.com/hash.js/-/hash.js-1.1.7.tgz#0babca538e8d4ee4a0f8988d68866537a003cf42"
  integrity sha512-taOaskGt4z4SOANNseOviYDvjEJinIkRgmp7LbKP2YTTmVxWBl87s/uzK9r+44BclBSp2X7K1hqeNfz9JbBeXA==
  dependencies:
    inherits "^2.0.3"
    minimalistic-assert "^1.0.1"

hmac-drbg@^1.0.1:
  version "1.0.1"
  resolved "https://registry.yarnpkg.com/hmac-drbg/-/hmac-drbg-1.0.1.tgz#d2745701025a6c775a6c545793ed502fc0c649a1"
  integrity sha1-0nRXAQJabHdabFRXk+1QL8DGSaE=
  dependencies:
    hash.js "^1.0.3"
    minimalistic-assert "^1.0.0"
    minimalistic-crypto-utils "^1.0.1"

inflight@^1.0.4:
  version "1.0.6"
  resolved "https://registry.yarnpkg.com/inflight/-/inflight-1.0.6.tgz#49bd6331d7d02d0c09bc910a1075ba8165b56df9"
  integrity sha1-Sb1jMdfQLQwJvJEKEHW6gWW1bfk=
  dependencies:
    once "^1.3.0"
    wrappy "1"

inherits@2, inherits@^2.0.3, inherits@^2.0.4:
  version "2.0.4"
  resolved "https://registry.yarnpkg.com/inherits/-/inherits-2.0.4.tgz#0fa2c64f932917c3433a0ded55363aae37416b7c"
  integrity sha512-k/vGaX4/Yla3WzyMCvTQOXYeIHvqOKtnqBduzTHpzpQZzAskKMhZ2K+EnBiSM9zGSoIFeMpXKxa4dYeZIQqewQ==

is-core-module@^2.2.0:
  version "2.4.0"
  resolved "https://registry.yarnpkg.com/is-core-module/-/is-core-module-2.4.0.tgz#8e9fc8e15027b011418026e98f0e6f4d86305cc1"
  integrity sha512-6A2fkfq1rfeQZjxrZJGerpLCTHRNEBiSgnu0+obeJpEPZRUooHgsizvzv0ZjJwOz3iWIHdJtVWJ/tmPr3D21/A==
  dependencies:
    has "^1.0.3"

is-fullwidth-code-point@^3.0.0:
  version "3.0.0"
  resolved "https://registry.yarnpkg.com/is-fullwidth-code-point/-/is-fullwidth-code-point-3.0.0.tgz#f116f8064fe90b3f7844a38997c0b75051269f1d"
  integrity sha512-zymm5+u+sCsSWyD9qNaejV3DFvhCKclKdizYaJUuHA83RLjb7nSuGnddCHGv0hk+KY7BMAlsWeK4Ueg6EV6XQg==

is-module@^1.0.0:
  version "1.0.0"
  resolved "https://registry.yarnpkg.com/is-module/-/is-module-1.0.0.tgz#3258fb69f78c14d5b815d664336b4cffb6441591"
  integrity sha1-Mlj7afeMFNW4FdZkM2tM/7ZEFZE=

is-reference@^1.2.1:
  version "1.2.1"
  resolved "https://registry.yarnpkg.com/is-reference/-/is-reference-1.2.1.tgz#8b2dac0b371f4bc994fdeaba9eb542d03002d0b7"
  integrity sha512-U82MsXXiFIrjCK4otLT+o2NA2Cd2g5MLoOVXUZjIOhLurrRxpEXzI8O0KZHr3IjLvlAH1kTPYSuqer5T9ZVBKQ==
  dependencies:
    "@types/estree" "*"

js-sha3@0.5.7:
  version "0.5.7"
  resolved "https://registry.yarnpkg.com/js-sha3/-/js-sha3-0.5.7.tgz#0d4ffd8002d5333aabaf4a23eed2f6374c9f28e7"
  integrity sha1-DU/9gALVMzqrr0oj7tL2N0yfKOc=

magic-string@^0.25.7:
  version "0.25.7"
  resolved "https://registry.yarnpkg.com/magic-string/-/magic-string-0.25.7.tgz#3f497d6fd34c669c6798dcb821f2ef31f5445051"
  integrity sha512-4CrMT5DOHTDk4HYDlzmwu4FVCcIYI8gauveasrdCu2IKIFOJ3f0v/8MDGJCDL9oD2ppz/Av1b0Nj345H9M+XIA==
  dependencies:
    sourcemap-codec "^1.4.4"

minimalistic-assert@^1.0.0, minimalistic-assert@^1.0.1:
  version "1.0.1"
  resolved "https://registry.yarnpkg.com/minimalistic-assert/-/minimalistic-assert-1.0.1.tgz#2e194de044626d4a10e7f7fbc00ce73e83e4d5c7"
  integrity sha512-UtJcAD4yEaGtjPezWuO9wC4nwUnVH/8/Im3yEHQP4b67cXlD/Qr9hdITCU1xDbSEXg2XKNaP8jsReV7vQd00/A==

minimalistic-crypto-utils@^1.0.1:
  version "1.0.1"
  resolved "https://registry.yarnpkg.com/minimalistic-crypto-utils/-/minimalistic-crypto-utils-1.0.1.tgz#f6c00c1c0b082246e5c4d99dfb8c7c083b2b582a"
  integrity sha1-9sAMHAsIIkblxNmd+4x8CDsrWCo=

minimatch@^3.0.4:
  version "3.0.4"
  resolved "https://registry.yarnpkg.com/minimatch/-/minimatch-3.0.4.tgz#5166e286457f03306064be5497e8dbb0c3d32083"
  integrity sha512-yJHVQEhyqPLUTgt9B83PXu6W3rx4MvvHvSUvToogpwoGDOUQ+yDrR0HRot+yOCdCO7u4hX3pWft6kWBBcqh0UA==
  dependencies:
    brace-expansion "^1.1.7"

once@^1.3.0:
  version "1.4.0"
  resolved "https://registry.yarnpkg.com/once/-/once-1.4.0.tgz#583b1aa775961d4b113ac17d9c50baef9dd76bd1"
  integrity sha1-WDsap3WWHUsROsF9nFC6753Xa9E=
  dependencies:
    wrappy "1"

path-is-absolute@^1.0.0:
  version "1.0.1"
  resolved "https://registry.yarnpkg.com/path-is-absolute/-/path-is-absolute-1.0.1.tgz#174b9268735534ffbc7ace6bf53a5a9e1b5c5f5f"
  integrity sha1-F0uSaHNVNP+8es5r9TpanhtcX18=

path-parse@^1.0.6:
  version "1.0.6"
  resolved "https://registry.yarnpkg.com/path-parse/-/path-parse-1.0.6.tgz#d62dbb5679405d72c4737ec58600e9ddcf06d24c"
  integrity sha512-GSmOT2EbHrINBf9SR7CDELwlJ8AENk3Qn7OikK4nFYAu3Ote2+JYNVvkpAEQm3/TLNEJFD/xZJjzyxg3KBWOzw==

picomatch@^2.2.2:
  version "2.2.2"
  resolved "https://registry.yarnpkg.com/picomatch/-/picomatch-2.2.2.tgz#21f333e9b6b8eaff02468f5146ea406d345f4dad"
  integrity sha512-q0M/9eZHzmr0AulXyPwNfZjtwZ/RBZlbN3K3CErVrk50T2ASYI7Bye0EvekFY3IP1Nt2DHu0re+V2ZHIpMkuWg==

preact@^10.5.13:
  version "10.5.13"
  resolved "https://registry.yarnpkg.com/preact/-/preact-10.5.13.tgz#85f6c9197ecd736ce8e3bec044d08fd1330fa019"
  integrity sha512-q/vlKIGNwzTLu+jCcvywgGrt+H/1P/oIRSD6mV4ln3hmlC+Aa34C7yfPI4+5bzW8pONyVXYS7SvXosy2dKKtWQ==

require-directory@^2.1.1:
  version "2.1.1"
  resolved "https://registry.yarnpkg.com/require-directory/-/require-directory-2.1.1.tgz#8c64ad5fd30dab1c976e2344ffe7f792a6a6df42"
  integrity sha1-jGStX9MNqxyXbiNE/+f3kqam30I=

resolve@^1.14.2:
  version "1.20.0"
  resolved "https://registry.yarnpkg.com/resolve/-/resolve-1.20.0.tgz#629a013fb3f70755d6f0b7935cc1c2c5378b1975"
  integrity sha512-wENBPt4ySzg4ybFQW2TT1zMQucPK95HSh/nq2CFTZVOGut2+pQvSsgtda4d26YrYcr067wjbmzOG8byDPBX63A==
  dependencies:
    is-core-module "^2.2.0"
    path-parse "^1.0.6"

resolve@^1.17.0:
  version "1.17.0"
  resolved "https://registry.yarnpkg.com/resolve/-/resolve-1.17.0.tgz#b25941b54968231cc2d1bb76a79cb7f2c0bf8444"
  integrity sha512-ic+7JYiV8Vi2yzQGFWOkiZD5Z9z7O2Zhm9XMaTxdJExKasieFCr+yXZ/WmXsckHiKl12ar0y6XiXDx3m4RHn1w==
  dependencies:
    path-parse "^1.0.6"

rollup@^2.29.0:
  version "2.29.0"
  resolved "https://registry.yarnpkg.com/rollup/-/rollup-2.29.0.tgz#0c5c5968530b21ca0e32f8b94b7cd9346cfb0eec"
  integrity sha512-gtU0sjxMpsVlpuAf4QXienPmUAhd6Kc7owQ4f5lypoxBW18fw2UNYZ4NssLGsri6WhUZkE/Ts3EMRebN+gNLiQ==
  optionalDependencies:
    fsevents "~2.1.2"

scrypt-js@3.0.1:
  version "3.0.1"
  resolved "https://registry.yarnpkg.com/scrypt-js/-/scrypt-js-3.0.1.tgz#d314a57c2aef69d1ad98a138a21fe9eafa9ee312"
  integrity sha512-cdwTTnqPu0Hyvf5in5asVdZocVDTNRmR7XEcJuIzMjJeSHybHl7vpB66AzwTaIg6CLSbtjcxc8fqcySfnTkccA==

sourcemap-codec@^1.4.4:
  version "1.4.8"
  resolved "https://registry.yarnpkg.com/sourcemap-codec/-/sourcemap-codec-1.4.8.tgz#ea804bd94857402e6992d05a38ef1ae35a9ab4c4"
  integrity sha512-9NykojV5Uih4lgo5So5dtw+f0JgJX30KCNI8gwhz2J9A15wD0Ml6tjHKwf6fTSa6fAdVBdZeNOs9eJ71qCk8vA==

string-width@^4.1.0, string-width@^4.2.0:
  version "4.2.2"
  resolved "https://registry.yarnpkg.com/string-width/-/string-width-4.2.2.tgz#dafd4f9559a7585cfba529c6a0a4f73488ebd4c5"
  integrity sha512-XBJbT3N4JhVumXE0eoLU9DCjcaF92KLNqTmFCnG1pf8duUxFGwtP6AD6nkjw9a3IdiRtL3E2w3JDiE/xi3vOeA==
  dependencies:
    emoji-regex "^8.0.0"
    is-fullwidth-code-point "^3.0.0"
    strip-ansi "^6.0.0"

strip-ansi@^6.0.0:
  version "6.0.0"
  resolved "https://registry.yarnpkg.com/strip-ansi/-/strip-ansi-6.0.0.tgz#0b1571dd7669ccd4f3e06e14ef1eed26225ae532"
  integrity sha512-AuvKTrTfQNYNIctbR1K/YGTR1756GycPsg7b9bdV9Duqur4gv6aKqHXah67Z8ImS7WEz5QVcOtlfW2rZEugt6w==
  dependencies:
    ansi-regex "^5.0.0"

supports-color@^7.1.0:
  version "7.2.0"
  resolved "https://registry.yarnpkg.com/supports-color/-/supports-color-7.2.0.tgz#1b7dcdcb32b8138801b3e478ba6a51caa89648da"
  integrity sha512-qpCAvRl9stuOHveKsn7HncJRvv501qIacKzQlO/+Lwxc9+0q2wLyv4Dfvt80/DPn2pqOBsJdDiogXGR9+OvwRw==
  dependencies:
    has-flag "^4.0.0"

wrap-ansi@^7.0.0:
  version "7.0.0"
  resolved "https://registry.yarnpkg.com/wrap-ansi/-/wrap-ansi-7.0.0.tgz#67e145cff510a6a6984bdf1152911d69d2eb9e43"
  integrity sha512-YVGIj2kamLSTxw6NsZjoBxfSwsn0ycdesmc4p+Q21c5zPuZ1pl+NfxVdxPtdHvmNVOQ6XSYG4AUtyt/Fi7D16Q==
  dependencies:
    ansi-styles "^4.0.0"
    string-width "^4.1.0"
    strip-ansi "^6.0.0"

wrappy@1:
  version "1.0.2"
  resolved "https://registry.yarnpkg.com/wrappy/-/wrappy-1.0.2.tgz#b5243d8f3ec1aa35f1364605bc0d1036e30ab69f"
  integrity sha1-tSQ9jz7BqjXxNkYFvA0QNuMKtp8=

ws@7.2.3:
  version "7.2.3"
  resolved "https://registry.yarnpkg.com/ws/-/ws-7.2.3.tgz#a5411e1fb04d5ed0efee76d26d5c46d830c39b46"
  integrity sha512-HTDl9G9hbkNDk98naoR/cHDws7+EyYMOdL1BmjsZXRUjf7d+MficC4B7HLUPlSiho0vg+CWKrGIt/VJBd1xunQ==

y18n@^5.0.5:
  version "5.0.8"
  resolved "https://registry.yarnpkg.com/y18n/-/y18n-5.0.8.tgz#7f4934d0f7ca8c56f95314939ddcd2dd91ce1d55"
  integrity sha512-0pfFzegeDWJHJIAmTLRP2DwHjdF5s7jo9tuztdQxAhINCdvS+3nGINqPd00AphqJR/0LhANUS6/+7SCb98YOfA==

yargs-parser@^20.2.2:
  version "20.2.7"
  resolved "https://registry.yarnpkg.com/yargs-parser/-/yargs-parser-20.2.7.tgz#61df85c113edfb5a7a4e36eb8aa60ef423cbc90a"
  integrity sha512-FiNkvbeHzB/syOjIUxFDCnhSfzAL8R5vs40MgLFBorXACCOAEaWu0gRZl14vG8MR9AOJIZbmkjhusqBYZ3HTHw==

yargs@^17.0.1:
  version "17.0.1"
  resolved "https://registry.yarnpkg.com/yargs/-/yargs-17.0.1.tgz#6a1ced4ed5ee0b388010ba9fd67af83b9362e0bb"
  integrity sha512-xBBulfCc8Y6gLFcrPvtqKz9hz8SO0l1Ni8GgDekvBX2ro0HRQImDGnikfc33cgzcYUSncapnNcZDjVFIH3f6KQ==
  dependencies:
    cliui "^7.0.2"
    escalade "^3.1.1"
    get-caller-file "^2.0.5"
    require-directory "^2.1.1"
    string-width "^4.2.0"
    y18n "^5.0.5"
    yargs-parser "^20.2.2"
